
Microsoft Visual Studio Solution File, Format Version 12.00
# Visual Studio Version 16
VisualStudioVersion = 16.0.31424.327
MinimumVisualStudioVersion = 10.0.40219.1
Project("{8BC9CEB8-8B4A-11D0-8D11-00A0C91BC942}") = "game_7_21", "game_7_21.vcxproj", "{86BB191E-1D81-43E3-996E-92976B89AC0C}"
EndProject
Global
	GlobalSection(SolutionConfigurationPlatforms) = preSolution
		Debug|x64 = Debug|x64
		Debug|x86 = Debug|x86
		Release|x64 = Release|x64
		Release|x86 = Release|x86
	EndGlobalSection
	GlobalSection(ProjectConfigurationPlatforms) = postSolution
		{86BB191E-1D81-43E3-996E-92976B89AC0C}.Debug|x64.ActiveCfg = Debug|x64
		{86BB191E-1D81-43E3-996E-92976B89AC0C}.Debug|x64.Build.0 = Debug|x64
		{86BB191E-1D81-43E3-996E-92976B89AC0C}.Debug|x86.ActiveCfg = Debug|Win32
		{86BB191E-1D81-43E3-996E-92976B89AC0C}.Debug|x86.Build.0 = Debug|Win32
		{86BB191E-1D81-43E3-996E-92976B89AC0C}.Release|x64.ActiveCfg = Release|x64
		{86BB191E-1D81-43E3-996E-92976B89AC0C}.Release|x64.Build.0 = Release|x64
		{86BB191E-1D81-43E3-996E-92976B89AC0C}.Release|x86.ActiveCfg = Release|Win32
		{86BB191E-1D81-43E3-996E-92976B89AC0C}.Release|x86.Build.0 = Release|Win32
	EndGlobalSection
	GlobalSection(SolutionProperties) = preSolution
		HideSolutionNode = FALSE
	EndGlobalSection
	GlobalSection(ExtensibilityGlobals) = postSolution
		SolutionGuid = {7F76F2B7-88CF-41CE-8178-58C157367AFF}
	EndGlobalSection
EndGlobal
